
Microsoft Visual Studio Solution File, Format Version 12.00
# Visual Studio Version 17
VisualStudioVersion = 17.2.32516.85
MinimumVisualStudioVersion = 10.0.40219.1
Project("{8BC9CEB8-8B4A-11D0-8D11-00A0C91BC942}") = "Atm of withdrawal", "Atm of withdrawal.vcxproj", "{D566163A-A6A5-4DF2-8AD8-E807F8627EA8}"
EndProject
Global
	GlobalSection(SolutionConfigurationPlatforms) = preSolution
		Debug|x64 = Debug|x64
		Debug|x86 = Debug|x86
		Release|x64 = Release|x64
		Release|x86 = Release|x86
	EndGlobalSection
	GlobalSection(ProjectConfigurationPlatforms) = postSolution
		{D566163A-A6A5-4DF2-8AD8-E807F8627EA8}.Debug|x64.ActiveCfg = Debug|x64
		{D566163A-A6A5-4DF2-8AD8-E807F8627EA8}.Debug|x64.Build.0 = Debug|x64
		{D566163A-A6A5-4DF2-8AD8-E807F8627EA8}.Debug|x86.ActiveCfg = Debug|Win32
		{D566163A-A6A5-4DF2-8AD8-E807F8627EA8}.Debug|x86.Build.0 = Debug|Win32
		{D566163A-A6A5-4DF2-8AD8-E807F8627EA8}.Release|x64.ActiveCfg = Release|x64
		{D566163A-A6A5-4DF2-8AD8-E807F8627EA8}.Release|x64.Build.0 = Release|x64
		{D566163A-A6A5-4DF2-8AD8-E807F8627EA8}.Release|x86.ActiveCfg = Release|Win32
		{D566163A-A6A5-4DF2-8AD8-E807F8627EA8}.Release|x86.Build.0 = Release|Win32
	EndGlobalSection
	GlobalSection(SolutionProperties) = preSolution
		HideSolutionNode = FALSE
	EndGlobalSection
	GlobalSection(ExtensibilityGlobals) = postSolution
		SolutionGuid = {4D62E441-C6D9-48E4-9D95-0F5928509572}
	EndGlobalSection
EndGlobal
